
Microsoft Visual Studio Solution File, Format Version 12.00
# Visual Studio Version 16
VisualStudioVersion = 16.0.29926.136
MinimumVisualStudioVersion = 10.0.40219.1
Project("{FAE04EC0-301F-11D3-BF4B-00C04F79EFBC}") = "SeleniumProject", "SeleniumProject\SeleniumProject.csproj", "{C6E00766-AF22-4AD9-B194-044F79BE2CEA}"
EndProject
Global
	GlobalSection(SolutionConfigurationPlatforms) = preSolution
		Debug|Any CPU = Debug|Any CPU
		Release|Any CPU = Release|Any CPU
	EndGlobalSection
	GlobalSection(ProjectConfigurationPlatforms) = postSolution
		{C6E00766-AF22-4AD9-B194-044F79BE2CEA}.Debug|Any CPU.ActiveCfg = Debug|Any CPU
		{C6E00766-AF22-4AD9-B194-044F79BE2CEA}.Debug|Any CPU.Build.0 = Debug|Any CPU
		{C6E00766-AF22-4AD9-B194-044F79BE2CEA}.Release|Any CPU.ActiveCfg = Release|Any CPU
		{C6E00766-AF22-4AD9-B194-044F79BE2CEA}.Release|Any CPU.Build.0 = Release|Any CPU
	EndGlobalSection
	GlobalSection(SolutionProperties) = preSolution
		HideSolutionNode = FALSE
	EndGlobalSection
	GlobalSection(ExtensibilityGlobals) = postSolution
		SolutionGuid = {2DA4ACC6-F185-42B0-A1CC-207AC4B9EBB9}
	EndGlobalSection
EndGlobal
